lockfileVersion: '9.0'

settings:
  autoInstallPeers: true
  excludeLinksFromLockfile: false

importers:

  .:
    dependencies:
      croner:
        specifier: ^9.1.0
        version: 9.1.0

packages:

  croner@9.1.0:
    resolution: {integrity: sha512-p9nwwR4qyT5W996vBZhdvBCnMhicY5ytZkR4D1Xj0wuTDEiMnjwR57Q3RXYY/s0EpX6Ay3vgIcfaR+ewGHsi+g==}
    engines: {node: '>=18.0'}

snapshots:

  croner@9.1.0: {}
