lockfileVersion: '9.0'

settings:
  autoInstallPeers: false
  excludeLinksFromLockfile: false

importers:

  .:
    dependencies:
      croner:
        specifier: ^10.0.1
        version: 10.0.1

packages:

  croner@10.0.1:
    resolution: {integrity: sha512-ixNtAJndqh173VQ4KodSdJEI6nuioBWI0V1ITNKhZZsO0pEMoDxz539T4FTTbSZ/xIOSuDnzxLVRqBVSvPNE2g==}
    engines: {node: '>=18.0'}

snapshots:

  croner@10.0.1: {}
